
Microsoft Visual Studio Solution File, Format Version 12.00
# Visual Studio Version 17
VisualStudioVersion = 17.5.002.0
MinimumVisualStudioVersion = 10.0.40219.1
Project("{9A19103F-16F7-4668-BE54-9A1E7A4F7556}") = "PRO05_BACK_Gaj_Khalos_Max", "PRO05_BACK_Gaj_Khalos_Max.csproj", "{119A2BE5-F415-4F12-8C59-527F3FDB336E}"
EndProject
Global
	GlobalSection(SolutionConfigurationPlatforms) = preSolution
		Debug|Any CPU = Debug|Any CPU
		Release|Any CPU = Release|Any CPU
	EndGlobalSection
	GlobalSection(ProjectConfigurationPlatforms) = postSolution
		{119A2BE5-F415-4F12-8C59-527F3FDB336E}.Debug|Any CPU.ActiveCfg = Debug|Any CPU
		{119A2BE5-F415-4F12-8C59-527F3FDB336E}.Debug|Any CPU.Build.0 = Debug|Any CPU
		{119A2BE5-F415-4F12-8C59-527F3FDB336E}.Release|Any CPU.ActiveCfg = Release|Any CPU
		{119A2BE5-F415-4F12-8C59-527F3FDB336E}.Release|Any CPU.Build.0 = Release|Any CPU
	EndGlobalSection
	GlobalSection(SolutionProperties) = preSolution
		HideSolutionNode = FALSE
	EndGlobalSection
	GlobalSection(ExtensibilityGlobals) = postSolution
		SolutionGuid = {872252C5-A323-40C6-91A5-03A70252FD80}
	EndGlobalSection
EndGlobal
