
Microsoft Visual Studio Solution File, Format Version 12.00
# Visual Studio Version 17
VisualStudioVersion = 17.5.002.0
MinimumVisualStudioVersion = 10.0.40219.1
Project("{9A19103F-16F7-4668-BE54-9A1E7A4F7556}") = "pokemon", "pokemon\pokemon.csproj", "{7261E602-A1A0-4279-AD38-E973A283C4DE}"
EndProject
Global
	GlobalSection(SolutionConfigurationPlatforms) = preSolution
		Debug|Any CPU = Debug|Any CPU
		Release|Any CPU = Release|Any CPU
	EndGlobalSection
	GlobalSection(ProjectConfigurationPlatforms) = postSolution
		{7261E602-A1A0-4279-AD38-E973A283C4DE}.Debug|Any CPU.ActiveCfg = Debug|Any CPU
		{7261E602-A1A0-4279-AD38-E973A283C4DE}.Debug|Any CPU.Build.0 = Debug|Any CPU
		{7261E602-A1A0-4279-AD38-E973A283C4DE}.Release|Any CPU.ActiveCfg = Release|Any CPU
		{7261E602-A1A0-4279-AD38-E973A283C4DE}.Release|Any CPU.Build.0 = Release|Any CPU
	EndGlobalSection
	GlobalSection(SolutionProperties) = preSolution
		HideSolutionNode = FALSE
	EndGlobalSection
	GlobalSection(ExtensibilityGlobals) = postSolution
		SolutionGuid = {BD95D18E-A327-437B-BB63-7E14090A91B8}
	EndGlobalSection
EndGlobal
